
Microsoft Visual Studio Solution File, Format Version 12.00
# Visual Studio 15
VisualStudioVersion = 15.0.28010.2046
MinimumVisualStudioVersion = 10.0.40219.1
Project("{FAE04EC0-301F-11D3-BF4B-00C04F79EFBC}") = "JsonLoaderApp.Android", "JsonLoaderApp\JsonLoaderApp.Android\JsonLoaderApp.Android.csproj", "{163756D1-9867-421B-8798-D5F63F7E1506}"
EndProject
Project("{FAE04EC0-301F-11D3-BF4B-00C04F79EFBC}") = "JsonLoaderApp.iOS", "JsonLoaderApp\JsonLoaderApp.iOS\JsonLoaderApp.iOS.csproj", "{39A54110-8A74-4D1C-96FC-DC39A923F5AD}"
EndProject
Project("{FAE04EC0-301F-11D3-BF4B-00C04F79EFBC}") = "JsonLoaderApp.UWP", "JsonLoaderApp\JsonLoaderApp.UWP\JsonLoaderApp.UWP.csproj", "{3AB15120-5B5F-441B-945A-C9ECC6685432}"
EndProject
Project("{FAE04EC0-301F-11D3-BF4B-00C04F79EFBC}") = "JsonLoaderApp", "JsonLoaderApp\JsonLoaderApp\JsonLoaderApp.csproj", "{D0B4EC9C-9829-4F35-9009-DC19F2FFFC00}"
EndProject
Global
	GlobalSection(SolutionConfigurationPlatforms) = preSolution
		Ad-Hoc|Any CPU = Ad-Hoc|Any CPU
		Ad-Hoc|ARM = Ad-Hoc|ARM
		Ad-Hoc|iPhone = Ad-Hoc|iPhone
		Ad-Hoc|iPhoneSimulator = Ad-Hoc|iPhoneSimulator
		Ad-Hoc|x64 = Ad-Hoc|x64
		Ad-Hoc|x86 = Ad-Hoc|x86
		AppStore|Any CPU = AppStore|Any CPU
		AppStore|ARM = AppStore|ARM
		AppStore|iPhone = AppStore|iPhone
		AppStore|iPhoneSimulator = AppStore|iPhoneSimulator
		AppStore|x64 = AppStore|x64
		AppStore|x86 = AppStore|x86
		Debug|Any CPU = Debug|Any CPU
		Debug|ARM = Debug|ARM
		Debug|iPhone = Debug|iPhone
		Debug|iPhoneSimulator = Debug|iPhoneSimulator
		Debug|x64 = Debug|x64
		Debug|x86 = Debug|x86
		Release|Any CPU = Release|Any CPU
		Release|ARM = Release|ARM
		Release|iPhone = Release|iPhone
		Release|iPhoneSimulator = Release|iPhoneSimulator
		Release|x64 = Release|x64
		Release|x86 = Release|x86
	EndGlobalSection
	GlobalSection(ProjectConfigurationPlatforms) = postSolution
		{163756D1-9867-421B-8798-D5F63F7E1506}.Ad-Hoc|Any CPU.ActiveCfg = Release|Any CPU
		{163756D1-9867-421B-8798-D5F63F7E1506}.Ad-Hoc|Any CPU.Build.0 = Release|Any CPU
		{163756D1-9867-421B-8798-D5F63F7E1506}.Ad-Hoc|Any CPU.Deploy.0 = Release|Any CPU
		{163756D1-9867-421B-8798-D5F63F7E1506}.Ad-Hoc|ARM.ActiveCfg = Release|Any CPU
		{163756D1-9867-421B-8798-D5F63F7E1506}.Ad-Hoc|ARM.Build.0 = Release|Any CPU
		{163756D1-9867-421B-8798-D5F63F7E1506}.Ad-Hoc|ARM.Deploy.0 = Release|Any CPU
		{163756D1-9867-421B-8798-D5F63F7E1506}.Ad-Hoc|iPhone.ActiveCfg = Release|Any CPU
		{163756D1-9867-421B-8798-D5F63F7E1506}.Ad-Hoc|iPhone.Build.0 = Release|Any CPU
		{163756D1-9867-421B-8798-D5F63F7E1506}.Ad-Hoc|iPhone.Deploy.0 = Release|Any CPU
		{163756D1-9867-421B-8798-D5F63F7E1506}.Ad-Hoc|iPhoneSimulator.ActiveCfg = Release|Any CPU
		{163756D1-9867-421B-8798-D5F63F7E1506}.Ad-Hoc|iPhoneSimulator.Build.0 = Release|Any CPU
		{163756D1-9867-421B-8798-D5F63F7E1506}.Ad-Hoc|iPhoneSimulator.Deploy.0 = Release|Any CPU
		{163756D1-9867-421B-8798-D5F63F7E1506}.Ad-Hoc|x64.ActiveCfg = Release|Any CPU
		{163756D1-9867-421B-8798-D5F63F7E1506}.Ad-Hoc|x64.Build.0 = Release|Any CPU
		{163756D1-9867-421B-8798-D5F63F7E1506}.Ad-Hoc|x64.Deploy.0 = Release|Any CPU
		{163756D1-9867-421B-8798-D5F63F7E1506}.Ad-Hoc|x86.ActiveCfg = Release|Any CPU
		{163756D1-9867-421B-8798-D5F63F7E1506}.Ad-Hoc|x86.Build.0 = Release|Any CPU
		{163756D1-9867-421B-8798-D5F63F7E1506}.Ad-Hoc|x86.Deploy.0 = Release|Any CPU
		{163756D1-9867-421B-8798-D5F63F7E1506}.AppStore|Any CPU.ActiveCfg = Release|Any CPU
		{163756D1-9867-421B-8798-D5F63F7E1506}.AppStore|Any CPU.Build.0 = Release|Any CPU
		{163756D1-9867-421B-8798-D5F63F7E1506}.AppStore|Any CPU.Deploy.0 = Release|Any CPU
		{163756D1-9867-421B-8798-D5F63F7E1506}.AppStore|ARM.ActiveCfg = Release|Any CPU
		{163756D1-9867-421B-8798-D5F63F7E1506}.AppStore|ARM.Build.0 = Release|Any CPU
		{163756D1-9867-421B-8798-D5F63F7E1506}.AppStore|ARM.Deploy.0 = Release|Any CPU
		{163756D1-9867-421B-8798-D5F63F7E1506}.AppStore|iPhone.ActiveCfg = Release|Any CPU
		{163756D1-9867-421B-8798-D5F63F7E1506}.AppStore|iPhone.Build.0 = Release|Any CPU
		{163756D1-9867-421B-8798-D5F63F7E1506}.AppStore|iPhone.Deploy.0 = Release|Any CPU
		{163756D1-9867-421B-8798-D5F63F7E1506}.AppStore|iPhoneSimulator.ActiveCfg = Release|Any CPU
		{163756D1-9867-421B-8798-D5F63F7E1506}.AppStore|iPhoneSimulator.Build.0 = Release|Any CPU
		{163756D1-9867-421B-8798-D5F63F7E1506}.AppStore|iPhoneSimulator.Deploy.0 = Release|Any CPU
		{163756D1-9867-421B-8798-D5F63F7E1506}.AppStore|x64.ActiveCfg = Release|Any CPU
		{163756D1-9867-421B-8798-D5F63F7E1506}.AppStore|x64.Build.0 = Release|Any CPU
		{163756D1-9867-421B-8798-D5F63F7E1506}.AppStore|x64.Deploy.0 = Release|Any CPU
		{163756D1-9867-421B-8798-D5F63F7E1506}.AppStore|x86.ActiveCfg = Release|Any CPU
		{163756D1-9867-421B-8798-D5F63F7E1506}.AppStore|x86.Build.0 = Release|Any CPU
		{163756D1-9867-421B-8798-D5F63F7E1506}.AppStore|x86.Deploy.0 = Release|Any CPU
		{163756D1-9867-421B-8798-D5F63F7E1506}.Debug|Any CPU.ActiveCfg = Debug|Any CPU
		{163756D1-9867-421B-8798-D5F63F7E1506}.Debug|Any CPU.Build.0 = Debug|Any CPU
		{163756D1-9867-421B-8798-D5F63F7E1506}.Debug|Any CPU.Deploy.0 = Debug|Any CPU
		{163756D1-9867-421B-8798-D5F63F7E1506}.Debug|ARM.ActiveCfg = Debug|Any CPU
		{163756D1-9867-421B-8798-D5F63F7E1506}.Debug|ARM.Build.0 = Debug|Any CPU
		{163756D1-9867-421B-8798-D5F63F7E1506}.Debug|ARM.Deploy.0 = Debug|Any CPU
		{163756D1-9867-421B-8798-D5F63F7E1506}.Debug|iPhone.ActiveCfg = Debug|Any CPU
		{163756D1-9867-421B-8798-D5F63F7E1506}.Debug|iPhone.Build.0 = Debug|Any CPU
		{163756D1-9867-421B-8798-D5F63F7E1506}.Debug|iPhone.Deploy.0 = Debug|Any CPU
		{163756D1-9867-421B-8798-D5F63F7E1506}.Debug|iPhoneSimulator.ActiveCfg = Debug|Any CPU
		{163756D1-9867-421B-8798-D5F63F7E1506}.Debug|iPhoneSimulator.Build.0 = Debug|Any CPU
		{163756D1-9867-421B-8798-D5F63F7E1506}.Debug|iPhoneSimulator.Deploy.0 = Debug|Any CPU
		{163756D1-9867-421B-8798-D5F63F7E1506}.Debug|x64.ActiveCfg = Debug|Any CPU
		{163756D1-9867-421B-8798-D5F63F7E1506}.Debug|x64.Build.0 = Debug|Any CPU
		{163756D1-9867-421B-8798-D5F63F7E1506}.Debug|x64.Deploy.0 = Debug|Any CPU
		{163756D1-9867-421B-8798-D5F63F7E1506}.Debug|x86.ActiveCfg = Debug|Any CPU
		{163756D1-9867-421B-8798-D5F63F7E1506}.Debug|x86.Build.0 = Debug|Any CPU
		{163756D1-9867-421B-8798-D5F63F7E1506}.Debug|x86.Deploy.0 = Debug|Any CPU
		{163756D1-9867-421B-8798-D5F63F7E1506}.Release|Any CPU.ActiveCfg = Release|Any CPU
		{163756D1-9867-421B-8798-D5F63F7E1506}.Release|Any CPU.Build.0 = Release|Any CPU
		{163756D1-9867-421B-8798-D5F63F7E1506}.Release|Any CPU.Deploy.0 = Release|Any CPU
		{163756D1-9867-421B-8798-D5F63F7E1506}.Release|ARM.ActiveCfg = Release|Any CPU
		{163756D1-9867-421B-8798-D5F63F7E1506}.Release|ARM.Build.0 = Release|Any CPU
		{163756D1-9867-421B-8798-D5F63F7E1506}.Release|ARM.Deploy.0 = Release|Any CPU
		{163756D1-9867-421B-8798-D5F63F7E1506}.Release|iPhone.ActiveCfg = Release|Any CPU
		{163756D1-9867-421B-8798-D5F63F7E1506}.Release|iPhone.Build.0 = Release|Any CPU
		{163756D1-9867-421B-8798-D5F63F7E1506}.Release|iPhone.Deploy.0 = Release|Any CPU
		{163756D1-9867-421B-8798-D5F63F7E1506}.Release|iPhoneSimulator.ActiveCfg = Release|Any CPU
		{163756D1-9867-421B-8798-D5F63F7E1506}.Release|iPhoneSimulator.Build.0 = Release|Any CPU
		{163756D1-9867-421B-8798-D5F63F7E1506}.Release|iPhoneSimulator.Deploy.0 = Release|Any CPU
		{163756D1-9867-421B-8798-D5F63F7E1506}.Release|x64.ActiveCfg = Release|Any CPU
		{163756D1-9867-421B-8798-D5F63F7E1506}.Release|x64.Build.0 = Release|Any CPU
		{163756D1-9867-421B-8798-D5F63F7E1506}.Release|x64.Deploy.0 = Release|Any CPU
		{163756D1-9867-421B-8798-D5F63F7E1506}.Release|x86.ActiveCfg = Release|Any CPU
		{163756D1-9867-421B-8798-D5F63F7E1506}.Release|x86.Build.0 = Release|Any CPU
		{163756D1-9867-421B-8798-D5F63F7E1506}.Release|x86.Deploy.0 = Release|Any CPU
		{39A54110-8A74-4D1C-96FC-DC39A923F5AD}.Ad-Hoc|Any CPU.ActiveCfg = Ad-Hoc|iPhone
		{39A54110-8A74-4D1C-96FC-DC39A923F5AD}.Ad-Hoc|Any CPU.Build.0 = Ad-Hoc|iPhone
		{39A54110-8A74-4D1C-96FC-DC39A923F5AD}.Ad-Hoc|Any CPU.Deploy.0 = Ad-Hoc|iPhone
		{39A54110-8A74-4D1C-96FC-DC39A923F5AD}.Ad-Hoc|ARM.ActiveCfg = Ad-Hoc|iPhone
		{39A54110-8A74-4D1C-96FC-DC39A923F5AD}.Ad-Hoc|ARM.Build.0 = Ad-Hoc|iPhone
		{39A54110-8A74-4D1C-96FC-DC39A923F5AD}.Ad-Hoc|ARM.Deploy.0 = Ad-Hoc|iPhone
		{39A54110-8A74-4D1C-96FC-DC39A923F5AD}.Ad-Hoc|iPhone.ActiveCfg = Ad-Hoc|iPhone
		{39A54110-8A74-4D1C-96FC-DC39A923F5AD}.Ad-Hoc|iPhone.Build.0 = Ad-Hoc|iPhone
		{39A54110-8A74-4D1C-96FC-DC39A923F5AD}.Ad-Hoc|iPhone.Deploy.0 = Ad-Hoc|iPhone
		{39A54110-8A74-4D1C-96FC-DC39A923F5AD}.Ad-Hoc|iPhoneSimulator.ActiveCfg = Ad-Hoc|iPhoneSimulator
		{39A54110-8A74-4D1C-96FC-DC39A923F5AD}.Ad-Hoc|iPhoneSimulator.Build.0 = Ad-Hoc|iPhoneSimulator
		{39A54110-8A74-4D1C-96FC-DC39A923F5AD}.Ad-Hoc|iPhoneSimulator.Deploy.0 = Ad-Hoc|iPhoneSimulator
		{39A54110-8A74-4D1C-96FC-DC39A923F5AD}.Ad-Hoc|x64.ActiveCfg = Ad-Hoc|iPhone
		{39A54110-8A74-4D1C-96FC-DC39A923F5AD}.Ad-Hoc|x64.Build.0 = Ad-Hoc|iPhone
		{39A54110-8A74-4D1C-96FC-DC39A923F5AD}.Ad-Hoc|x64.Deploy.0 = Ad-Hoc|iPhone
		{39A54110-8A74-4D1C-96FC-DC39A923F5AD}.Ad-Hoc|x86.ActiveCfg = Ad-Hoc|iPhone
		{39A54110-8A74-4D1C-96FC-DC39A923F5AD}.Ad-Hoc|x86.Build.0 = Ad-Hoc|iPhone
		{39A54110-8A74-4D1C-96FC-DC39A923F5AD}.Ad-Hoc|x86.Deploy.0 = Ad-Hoc|iPhone
		{39A54110-8A74-4D1C-96FC-DC39A923F5AD}.AppStore|Any CPU.ActiveCfg = AppStore|iPhone
		{39A54110-8A74-4D1C-96FC-DC39A923F5AD}.AppStore|Any CPU.Build.0 = AppStore|iPhone
		{39A54110-8A74-4D1C-96FC-DC39A923F5AD}.AppStore|Any CPU.Deploy.0 = AppStore|iPhone
		{39A54110-8A74-4D1C-96FC-DC39A923F5AD}.AppStore|ARM.ActiveCfg = AppStore|iPhone
		{39A54110-8A74-4D1C-96FC-DC39A923F5AD}.AppStore|ARM.Build.0 = AppStore|iPhone
		{39A54110-8A74-4D1C-96FC-DC39A923F5AD}.AppStore|ARM.Deploy.0 = AppStore|iPhone
		{39A54110-8A74-4D1C-96FC-DC39A923F5AD}.AppStore|iPhone.ActiveCfg = AppStore|iPhone
		{39A54110-8A74-4D1C-96FC-DC39A923F5AD}.AppStore|iPhone.Build.0 = AppStore|iPhone
		{39A54110-8A74-4D1C-96FC-DC39A923F5AD}.AppStore|iPhone.Deploy.0 = AppStore|iPhone
		{39A54110-8A74-4D1C-96FC-DC39A923F5AD}.AppStore|iPhoneSimulator.ActiveCfg = AppStore|iPhoneSimulator
		{39A54110-8A74-4D1C-96FC-DC39A923F5AD}.AppStore|iPhoneSimulator.Build.0 = AppStore|iPhoneSimulator
		{39A54110-8A74-4D1C-96FC-DC39A923F5AD}.AppStore|iPhoneSimulator.Deploy.0 = AppStore|iPhoneSimulator
		{39A54110-8A74-4D1C-96FC-DC39A923F5AD}.AppStore|x64.ActiveCfg = AppStore|iPhone
		{39A54110-8A74-4D1C-96FC-DC39A923F5AD}.AppStore|x64.Build.0 = AppStore|iPhone
		{39A54110-8A74-4D1C-96FC-DC39A923F5AD}.AppStore|x64.Deploy.0 = AppStore|iPhone
		{39A54110-8A74-4D1C-96FC-DC39A923F5AD}.AppStore|x86.ActiveCfg = AppStore|iPhone
		{39A54110-8A74-4D1C-96FC-DC39A923F5AD}.AppStore|x86.Build.0 = AppStore|iPhone
		{39A54110-8A74-4D1C-96FC-DC39A923F5AD}.AppStore|x86.Deploy.0 = AppStore|iPhone
		{39A54110-8A74-4D1C-96FC-DC39A923F5AD}.Debug|Any CPU.ActiveCfg = Debug|iPhoneSimulator
		{39A54110-8A74-4D1C-96FC-DC39A923F5AD}.Debug|Any CPU.Build.0 = Debug|iPhoneSimulator
		{39A54110-8A74-4D1C-96FC-DC39A923F5AD}.Debug|Any CPU.Deploy.0 = Debug|iPhoneSimulator
		{39A54110-8A74-4D1C-96FC-DC39A923F5AD}.Debug|ARM.ActiveCfg = Debug|iPhone
		{39A54110-8A74-4D1C-96FC-DC39A923F5AD}.Debug|ARM.Build.0 = Debug|iPhone
		{39A54110-8A74-4D1C-96FC-DC39A923F5AD}.Debug|ARM.Deploy.0 = Debug|iPhone
		{39A54110-8A74-4D1C-96FC-DC39A923F5AD}.Debug|iPhone.ActiveCfg = Debug|iPhone
		{39A54110-8A74-4D1C-96FC-DC39A923F5AD}.Debug|iPhone.Build.0 = Debug|iPhone
		{39A54110-8A74-4D1C-96FC-DC39A923F5AD}.Debug|iPhone.Deploy.0 = Debug|iPhone
		{39A54110-8A74-4D1C-96FC-DC39A923F5AD}.Debug|iPhoneSimulator.ActiveCfg = Debug|iPhoneSimulator
		{39A54110-8A74-4D1C-96FC-DC39A923F5AD}.Debug|iPhoneSimulator.Build.0 = Debug|iPhoneSimulator
		{39A54110-8A74-4D1C-96FC-DC39A923F5AD}.Debug|iPhoneSimulator.Deploy.0 = Debug|iPhoneSimulator
		{39A54110-8A74-4D1C-96FC-DC39A923F5AD}.Debug|x64.ActiveCfg = Debug|iPhone
		{39A54110-8A74-4D1C-96FC-DC39A923F5AD}.Debug|x64.Build.0 = Debug|iPhone
		{39A54110-8A74-4D1C-96FC-DC39A923F5AD}.Debug|x64.Deploy.0 = Debug|iPhone
		{39A54110-8A74-4D1C-96FC-DC39A923F5AD}.Debug|x86.ActiveCfg = Debug|iPhone
		{39A54110-8A74-4D1C-96FC-DC39A923F5AD}.Debug|x86.Build.0 = Debug|iPhone
		{39A54110-8A74-4D1C-96FC-DC39A923F5AD}.Debug|x86.Deploy.0 = Debug|iPhone
		{39A54110-8A74-4D1C-96FC-DC39A923F5AD}.Release|Any CPU.ActiveCfg = Release|iPhone
		{39A54110-8A74-4D1C-96FC-DC39A923F5AD}.Release|Any CPU.Build.0 = Release|iPhone
		{39A54110-8A74-4D1C-96FC-DC39A923F5AD}.Release|Any CPU.Deploy.0 = Release|iPhone
		{39A54110-8A74-4D1C-96FC-DC39A923F5AD}.Release|ARM.ActiveCfg = Release|iPhone
		{39A54110-8A74-4D1C-96FC-DC39A923F5AD}.Release|ARM.Build.0 = Release|iPhone
		{39A54110-8A74-4D1C-96FC-DC39A923F5AD}.Release|ARM.Deploy.0 = Release|iPhone
		{39A54110-8A74-4D1C-96FC-DC39A923F5AD}.Release|iPhone.ActiveCfg = Release|iPhone
		{39A54110-8A74-4D1C-96FC-DC39A923F5AD}.Release|iPhone.Build.0 = Release|iPhone
		{39A54110-8A74-4D1C-96FC-DC39A923F5AD}.Release|iPhone.Deploy.0 = Release|iPhone
		{39A54110-8A74-4D1C-96FC-DC39A923F5AD}.Release|iPhoneSimulator.ActiveCfg = Release|iPhoneSimulator
		{39A54110-8A74-4D1C-96FC-DC39A923F5AD}.Release|iPhoneSimulator.Build.0 = Release|iPhoneSimulator
		{39A54110-8A74-4D1C-96FC-DC39A923F5AD}.Release|iPhoneSimulator.Deploy.0 = Release|iPhoneSimulator
		{39A54110-8A74-4D1C-96FC-DC39A923F5AD}.Release|x64.ActiveCfg = Release|iPhone
		{39A54110-8A74-4D1C-96FC-DC39A923F5AD}.Release|x64.Build.0 = Release|iPhone
		{39A54110-8A74-4D1C-96FC-DC39A923F5AD}.Release|x64.Deploy.0 = Release|iPhone
		{39A54110-8A74-4D1C-96FC-DC39A923F5AD}.Release|x86.ActiveCfg = Release|iPhone
		{39A54110-8A74-4D1C-96FC-DC39A923F5AD}.Release|x86.Build.0 = Release|iPhone
		{39A54110-8A74-4D1C-96FC-DC39A923F5AD}.Release|x86.Deploy.0 = Release|iPhone
		{3AB15120-5B5F-441B-945A-C9ECC6685432}.Ad-Hoc|Any CPU.ActiveCfg = Release|x86
		{3AB15120-5B5F-441B-945A-C9ECC6685432}.Ad-Hoc|Any CPU.Build.0 = Release|x86
		{3AB15120-5B5F-441B-945A-C9ECC6685432}.Ad-Hoc|Any CPU.Deploy.0 = Release|x86
		{3AB15120-5B5F-441B-945A-C9ECC6685432}.Ad-Hoc|ARM.ActiveCfg = Release|ARM
		{3AB15120-5B5F-441B-945A-C9ECC6685432}.Ad-Hoc|ARM.Build.0 = Release|ARM
		{3AB15120-5B5F-441B-945A-C9ECC6685432}.Ad-Hoc|ARM.Deploy.0 = Release|ARM
		{3AB15120-5B5F-441B-945A-C9ECC6685432}.Ad-Hoc|iPhone.ActiveCfg = Release|x86
		{3AB15120-5B5F-441B-945A-C9ECC6685432}.Ad-Hoc|iPhone.Build.0 = Release|x86
		{3AB15120-5B5F-441B-945A-C9ECC6685432}.Ad-Hoc|iPhone.Deploy.0 = Release|x86
		{3AB15120-5B5F-441B-945A-C9ECC6685432}.Ad-Hoc|iPhoneSimulator.ActiveCfg = Release|x86
		{3AB15120-5B5F-441B-945A-C9ECC6685432}.Ad-Hoc|iPhoneSimulator.Build.0 = Release|x86
		{3AB15120-5B5F-441B-945A-C9ECC6685432}.Ad-Hoc|iPhoneSimulator.Deploy.0 = Release|x86
		{3AB15120-5B5F-441B-945A-C9ECC6685432}.Ad-Hoc|x64.ActiveCfg = Release|x64
		{3AB15120-5B5F-441B-945A-C9ECC6685432}.Ad-Hoc|x64.Build.0 = Release|x64
		{3AB15120-5B5F-441B-945A-C9ECC6685432}.Ad-Hoc|x64.Deploy.0 = Release|x64
		{3AB15120-5B5F-441B-945A-C9ECC6685432}.Ad-Hoc|x86.ActiveCfg = Release|x86
		{3AB15120-5B5F-441B-945A-C9ECC6685432}.Ad-Hoc|x86.Build.0 = Release|x86
		{3AB15120-5B5F-441B-945A-C9ECC6685432}.Ad-Hoc|x86.Deploy.0 = Release|x86
		{3AB15120-5B5F-441B-945A-C9ECC6685432}.AppStore|Any CPU.ActiveCfg = Release|x86
		{3AB15120-5B5F-441B-945A-C9ECC6685432}.AppStore|Any CPU.Build.0 = Release|x86
		{3AB15120-5B5F-441B-945A-C9ECC6685432}.AppStore|Any CPU.Deploy.0 = Release|x86
		{3AB15120-5B5F-441B-945A-C9ECC6685432}.AppStore|ARM.ActiveCfg = Release|ARM
		{3AB15120-5B5F-441B-945A-C9ECC6685432}.AppStore|ARM.Build.0 = Release|ARM
		{3AB15120-5B5F-441B-945A-C9ECC6685432}.AppStore|ARM.Deploy.0 = Release|ARM
		{3AB15120-5B5F-441B-945A-C9ECC6685432}.AppStore|iPhone.ActiveCfg = Release|x86
		{3AB15120-5B5F-441B-945A-C9ECC6685432}.AppStore|iPhone.Build.0 = Release|x86
		{3AB15120-5B5F-441B-945A-C9ECC6685432}.AppStore|iPhone.Deploy.0 = Release|x86
		{3AB15120-5B5F-441B-945A-C9ECC6685432}.AppStore|iPhoneSimulator.ActiveCfg = Release|x86
		{3AB15120-5B5F-441B-945A-C9ECC6685432}.AppStore|iPhoneSimulator.Build.0 = Release|x86
		{3AB15120-5B5F-441B-945A-C9ECC6685432}.AppStore|iPhoneSimulator.Deploy.0 = Release|x86
		{3AB15120-5B5F-441B-945A-C9ECC6685432}.AppStore|x64.ActiveCfg = Release|x64
		{3AB15120-5B5F-441B-945A-C9ECC6685432}.AppStore|x64.Build.0 = Release|x64
		{3AB15120-5B5F-441B-945A-C9ECC6685432}.AppStore|x64.Deploy.0 = Release|x64
		{3AB15120-5B5F-441B-945A-C9ECC6685432}.AppStore|x86.ActiveCfg = Release|x86
		{3AB15120-5B5F-441B-945A-C9ECC6685432}.AppStore|x86.Build.0 = Release|x86
		{3AB15120-5B5F-441B-945A-C9ECC6685432}.AppStore|x86.Deploy.0 = Release|x86
		{3AB15120-5B5F-441B-945A-C9ECC6685432}.Debug|Any CPU.ActiveCfg = Debug|x86
		{3AB15120-5B5F-441B-945A-C9ECC6685432}.Debug|Any CPU.Build.0 = Debug|x86
		{3AB15120-5B5F-441B-945A-C9ECC6685432}.Debug|Any CPU.Deploy.0 = Debug|x86
		{3AB15120-5B5F-441B-945A-C9ECC6685432}.Debug|ARM.ActiveCfg = Debug|ARM
		{3AB15120-5B5F-441B-945A-C9ECC6685432}.Debug|ARM.Build.0 = Debug|ARM
		{3AB15120-5B5F-441B-945A-C9ECC6685432}.Debug|ARM.Deploy.0 = Debug|ARM
		{3AB15120-5B5F-441B-945A-C9ECC6685432}.Debug|iPhone.ActiveCfg = Debug|x86
		{3AB15120-5B5F-441B-945A-C9ECC6685432}.Debug|iPhone.Build.0 = Debug|x86
		{3AB15120-5B5F-441B-945A-C9ECC6685432}.Debug|iPhone.Deploy.0 = Debug|x86
		{3AB15120-5B5F-441B-945A-C9ECC6685432}.Debug|iPhoneSimulator.ActiveCfg = Debug|x86
		{3AB15120-5B5F-441B-945A-C9ECC6685432}.Debug|iPhoneSimulator.Build.0 = Debug|x86
		{3AB15120-5B5F-441B-945A-C9ECC6685432}.Debug|iPhoneSimulator.Deploy.0 = Debug|x86
		{3AB15120-5B5F-441B-945A-C9ECC6685432}.Debug|x64.ActiveCfg = Debug|x64
		{3AB15120-5B5F-441B-945A-C9ECC6685432}.Debug|x64.Build.0 = Debug|x64
		{3AB15120-5B5F-441B-945A-C9ECC6685432}.Debug|x64.Deploy.0 = Debug|x64
		{3AB15120-5B5F-441B-945A-C9ECC6685432}.Debug|x86.ActiveCfg = Debug|x86
		{3AB15120-5B5F-441B-945A-C9ECC6685432}.Debug|x86.Build.0 = Debug|x86
		{3AB15120-5B5F-441B-945A-C9ECC6685432}.Debug|x86.Deploy.0 = Debug|x86
		{3AB15120-5B5F-441B-945A-C9ECC6685432}.Release|Any CPU.ActiveCfg = Release|x86
		{3AB15120-5B5F-441B-945A-C9ECC6685432}.Release|Any CPU.Build.0 = Release|x86
		{3AB15120-5B5F-441B-945A-C9ECC6685432}.Release|Any CPU.Deploy.0 = Release|x86
		{3AB15120-5B5F-441B-945A-C9ECC6685432}.Release|ARM.ActiveCfg = Release|ARM
		{3AB15120-5B5F-441B-945A-C9ECC6685432}.Release|ARM.Build.0 = Release|ARM
		{3AB15120-5B5F-441B-945A-C9ECC6685432}.Release|ARM.Deploy.0 = Release|ARM
		{3AB15120-5B5F-441B-945A-C9ECC6685432}.Release|iPhone.ActiveCfg = Release|x86
		{3AB15120-5B5F-441B-945A-C9ECC6685432}.Release|iPhone.Build.0 = Release|x86
		{3AB15120-5B5F-441B-945A-C9ECC6685432}.Release|iPhone.Deploy.0 = Release|x86
		{3AB15120-5B5F-441B-945A-C9ECC6685432}.Release|iPhoneSimulator.ActiveCfg = Release|x86
		{3AB15120-5B5F-441B-945A-C9ECC6685432}.Release|iPhoneSimulator.Build.0 = Release|x86
		{3AB15120-5B5F-441B-945A-C9ECC6685432}.Release|iPhoneSimulator.Deploy.0 = Release|x86
		{3AB15120-5B5F-441B-945A-C9ECC6685432}.Release|x64.ActiveCfg = Release|x64
		{3AB15120-5B5F-441B-945A-C9ECC6685432}.Release|x64.Build.0 = Release|x64
		{3AB15120-5B5F-441B-945A-C9ECC6685432}.Release|x64.Deploy.0 = Release|x64
		{3AB15120-5B5F-441B-945A-C9ECC6685432}.Release|x86.ActiveCfg = Release|x86
		{3AB15120-5B5F-441B-945A-C9ECC6685432}.Release|x86.Build.0 = Release|x86
		{3AB15120-5B5F-441B-945A-C9ECC6685432}.Release|x86.Deploy.0 = Release|x86
		{D0B4EC9C-9829-4F35-9009-DC19F2FFFC00}.Ad-Hoc|Any CPU.ActiveCfg = Debug|Any CPU
		{D0B4EC9C-9829-4F35-9009-DC19F2FFFC00}.Ad-Hoc|Any CPU.Build.0 = Debug|Any CPU
		{D0B4EC9C-9829-4F35-9009-DC19F2FFFC00}.Ad-Hoc|Any CPU.Deploy.0 = Debug|Any CPU
		{D0B4EC9C-9829-4F35-9009-DC19F2FFFC00}.Ad-Hoc|ARM.ActiveCfg = Debug|Any CPU
		{D0B4EC9C-9829-4F35-9009-DC19F2FFFC00}.Ad-Hoc|ARM.Build.0 = Debug|Any CPU
		{D0B4EC9C-9829-4F35-9009-DC19F2FFFC00}.Ad-Hoc|ARM.Deploy.0 = Debug|Any CPU
		{D0B4EC9C-9829-4F35-9009-DC19F2FFFC00}.Ad-Hoc|iPhone.ActiveCfg = Debug|Any CPU
		{D0B4EC9C-9829-4F35-9009-DC19F2FFFC00}.Ad-Hoc|iPhone.Build.0 = Debug|Any CPU
		{D0B4EC9C-9829-4F35-9009-DC19F2FFFC00}.Ad-Hoc|iPhone.Deploy.0 = Debug|Any CPU
		{D0B4EC9C-9829-4F35-9009-DC19F2FFFC00}.Ad-Hoc|iPhoneSimulator.ActiveCfg = Debug|Any CPU
		{D0B4EC9C-9829-4F35-9009-DC19F2FFFC00}.Ad-Hoc|iPhoneSimulator.Build.0 = Debug|Any CPU
		{D0B4EC9C-9829-4F35-9009-DC19F2FFFC00}.Ad-Hoc|iPhoneSimulator.Deploy.0 = Debug|Any CPU
		{D0B4EC9C-9829-4F35-9009-DC19F2FFFC00}.Ad-Hoc|x64.ActiveCfg = Debug|Any CPU
		{D0B4EC9C-9829-4F35-9009-DC19F2FFFC00}.Ad-Hoc|x64.Build.0 = Debug|Any CPU
		{D0B4EC9C-9829-4F35-9009-DC19F2FFFC00}.Ad-Hoc|x64.Deploy.0 = Debug|Any CPU
		{D0B4EC9C-9829-4F35-9009-DC19F2FFFC00}.Ad-Hoc|x86.ActiveCfg = Debug|Any CPU
		{D0B4EC9C-9829-4F35-9009-DC19F2FFFC00}.Ad-Hoc|x86.Build.0 = Debug|Any CPU
		{D0B4EC9C-9829-4F35-9009-DC19F2FFFC00}.Ad-Hoc|x86.Deploy.0 = Debug|Any CPU
		{D0B4EC9C-9829-4F35-9009-DC19F2FFFC00}.AppStore|Any CPU.ActiveCfg = Debug|Any CPU
		{D0B4EC9C-9829-4F35-9009-DC19F2FFFC00}.AppStore|Any CPU.Build.0 = Debug|Any CPU
		{D0B4EC9C-9829-4F35-9009-DC19F2FFFC00}.AppStore|Any CPU.Deploy.0 = Debug|Any CPU
		{D0B4EC9C-9829-4F35-9009-DC19F2FFFC00}.AppStore|ARM.ActiveCfg = Debug|Any CPU
		{D0B4EC9C-9829-4F35-9009-DC19F2FFFC00}.AppStore|ARM.Build.0 = Debug|Any CPU
		{D0B4EC9C-9829-4F35-9009-DC19F2FFFC00}.AppStore|ARM.Deploy.0 = Debug|Any CPU
		{D0B4EC9C-9829-4F35-9009-DC19F2FFFC00}.AppStore|iPhone.ActiveCfg = Debug|Any CPU
		{D0B4EC9C-9829-4F35-9009-DC19F2FFFC00}.AppStore|iPhone.Build.0 = Debug|Any CPU
		{D0B4EC9C-9829-4F35-9009-DC19F2FFFC00}.AppStore|iPhone.Deploy.0 = Debug|Any CPU
		{D0B4EC9C-9829-4F35-9009-DC19F2FFFC00}.AppStore|iPhoneSimulator.ActiveCfg = Debug|Any CPU
		{D0B4EC9C-9829-4F35-9009-DC19F2FFFC00}.AppStore|iPhoneSimulator.Build.0 = Debug|Any CPU
		{D0B4EC9C-9829-4F35-9009-DC19F2FFFC00}.AppStore|iPhoneSimulator.Deploy.0 = Debug|Any CPU
		{D0B4EC9C-9829-4F35-9009-DC19F2FFFC00}.AppStore|x64.ActiveCfg = Debug|Any CPU
		{D0B4EC9C-9829-4F35-9009-DC19F2FFFC00}.AppStore|x64.Build.0 = Debug|Any CPU
		{D0B4EC9C-9829-4F35-9009-DC19F2FFFC00}.AppStore|x64.Deploy.0 = Debug|Any CPU
		{D0B4EC9C-9829-4F35-9009-DC19F2FFFC00}.AppStore|x86.ActiveCfg = Debug|Any CPU
		{D0B4EC9C-9829-4F35-9009-DC19F2FFFC00}.AppStore|x86.Build.0 = Debug|Any CPU
		{D0B4EC9C-9829-4F35-9009-DC19F2FFFC00}.AppStore|x86.Deploy.0 = Debug|Any CPU
		{D0B4EC9C-9829-4F35-9009-DC19F2FFFC00}.Debug|Any CPU.ActiveCfg = Debug|Any CPU
		{D0B4EC9C-9829-4F35-9009-DC19F2FFFC00}.Debug|Any CPU.Build.0 = Debug|Any CPU
		{D0B4EC9C-9829-4F35-9009-DC19F2FFFC00}.Debug|Any CPU.Deploy.0 = Debug|Any CPU
		{D0B4EC9C-9829-4F35-9009-DC19F2FFFC00}.Debug|ARM.ActiveCfg = Debug|Any CPU
		{D0B4EC9C-9829-4F35-9009-DC19F2FFFC00}.Debug|ARM.Build.0 = Debug|Any CPU
		{D0B4EC9C-9829-4F35-9009-DC19F2FFFC00}.Debug|ARM.Deploy.0 = Debug|Any CPU
		{D0B4EC9C-9829-4F35-9009-DC19F2FFFC00}.Debug|iPhone.ActiveCfg = Debug|Any CPU
		{D0B4EC9C-9829-4F35-9009-DC19F2FFFC00}.Debug|iPhone.Build.0 = Debug|Any CPU
		{D0B4EC9C-9829-4F35-9009-DC19F2FFFC00}.Debug|iPhone.Deploy.0 = Debug|Any CPU
		{D0B4EC9C-9829-4F35-9009-DC19F2FFFC00}.Debug|iPhoneSimulator.ActiveCfg = Debug|Any CPU
		{D0B4EC9C-9829-4F35-9009-DC19F2FFFC00}.Debug|iPhoneSimulator.Build.0 = Debug|Any CPU
		{D0B4EC9C-9829-4F35-9009-DC19F2FFFC00}.Debug|iPhoneSimulator.Deploy.0 = Debug|Any CPU
		{D0B4EC9C-9829-4F35-9009-DC19F2FFFC00}.Debug|x64.ActiveCfg = Debug|Any CPU
		{D0B4EC9C-9829-4F35-9009-DC19F2FFFC00}.Debug|x64.Build.0 = Debug|Any CPU
		{D0B4EC9C-9829-4F35-9009-DC19F2FFFC00}.Debug|x64.Deploy.0 = Debug|Any CPU
		{D0B4EC9C-9829-4F35-9009-DC19F2FFFC00}.Debug|x86.ActiveCfg = Debug|Any CPU
		{D0B4EC9C-9829-4F35-9009-DC19F2FFFC00}.Debug|x86.Build.0 = Debug|Any CPU
		{D0B4EC9C-9829-4F35-9009-DC19F2FFFC00}.Debug|x86.Deploy.0 = Debug|Any CPU
		{D0B4EC9C-9829-4F35-9009-DC19F2FFFC00}.Release|Any CPU.ActiveCfg = Release|Any CPU
		{D0B4EC9C-9829-4F35-9009-DC19F2FFFC00}.Release|Any CPU.Build.0 = Release|Any CPU
		{D0B4EC9C-9829-4F35-9009-DC19F2FFFC00}.Release|Any CPU.Deploy.0 = Release|Any CPU
		{D0B4EC9C-9829-4F35-9009-DC19F2FFFC00}.Release|ARM.ActiveCfg = Release|Any CPU
		{D0B4EC9C-9829-4F35-9009-DC19F2FFFC00}.Release|ARM.Build.0 = Release|Any CPU
		{D0B4EC9C-9829-4F35-9009-DC19F2FFFC00}.Release|ARM.Deploy.0 = Release|Any CPU
		{D0B4EC9C-9829-4F35-9009-DC19F2FFFC00}.Release|iPhone.ActiveCfg = Release|Any CPU
		{D0B4EC9C-9829-4F35-9009-DC19F2FFFC00}.Release|iPhone.Build.0 = Release|Any CPU
		{D0B4EC9C-9829-4F35-9009-DC19F2FFFC00}.Release|iPhone.Deploy.0 = Release|Any CPU
		{D0B4EC9C-9829-4F35-9009-DC19F2FFFC00}.Release|iPhoneSimulator.ActiveCfg = Release|Any CPU
		{D0B4EC9C-9829-4F35-9009-DC19F2FFFC00}.Release|iPhoneSimulator.Build.0 = Release|Any CPU
		{D0B4EC9C-9829-4F35-9009-DC19F2FFFC00}.Release|iPhoneSimulator.Deploy.0 = Release|Any CPU
		{D0B4EC9C-9829-4F35-9009-DC19F2FFFC00}.Release|x64.ActiveCfg = Release|Any CPU
		{D0B4EC9C-9829-4F35-9009-DC19F2FFFC00}.Release|x64.Build.0 = Release|Any CPU
		{D0B4EC9C-9829-4F35-9009-DC19F2FFFC00}.Release|x64.Deploy.0 = Release|Any CPU
		{D0B4EC9C-9829-4F35-9009-DC19F2FFFC00}.Release|x86.ActiveCfg = Release|Any CPU
		{D0B4EC9C-9829-4F35-9009-DC19F2FFFC00}.Release|x86.Build.0 = Release|Any CPU
		{D0B4EC9C-9829-4F35-9009-DC19F2FFFC00}.Release|x86.Deploy.0 = Release|Any CPU
	EndGlobalSection
	GlobalSection(SolutionProperties) = preSolution
		HideSolutionNode = FALSE
	EndGlobalSection
	GlobalSection(ExtensibilityGlobals) = postSolution
		SolutionGuid = {9B9E4411-93BF-4AB7-ADDE-53DCA6CC9C1A}
	EndGlobalSection
EndGlobal
